// !$*UTF8*$!
{
	archiveVersion = 1;
	classes = {
	};
	objectVersion = 50;
	objects = {

/* Begin PBXBuildFile section */
		D3731679224E303300DB2C36 /* AppDelegate.swift in Sources */ = {isa = PBXBuildFile; fileRef = D3731678224E303300DB2C36 /* AppDelegate.swift */; };
		D373167E224E303300DB2C36 /* Main.storyboard in Resources */ = {isa = PBXBuildFile; fileRef = D373167C224E303300DB2C36 /* Main.storyboard */; };
		D3731680224E303500DB2C36 /* Assets.xcassets in Resources */ = {isa = PBXBuildFile; fileRef = D373167F224E303500DB2C36 /* Assets.xcassets */; };
		D3731683224E303500DB2C36 /* LaunchScreen.storyboard in Resources */ = {isa = PBXBuildFile; fileRef = D3731681224E303500DB2C36 /* LaunchScreen.storyboard */; };
		D373168B224E33B000DB2C36 /* JournalDetailViewController.swift in Sources */ = {isa = PBXBuildFile; fileRef = D373168A224E33B000DB2C36 /* JournalDetailViewController.swift */; };
		D373168D224E33E100DB2C36 /* JournalTableViewController.swift in Sources */ = {isa = PBXBuildFile; fileRef = D373168C224E33E100DB2C36 /* JournalTableViewController.swift */; };
		D373168F224E341B00DB2C36 /* CreateJournalViewController.swift in Sources */ = {isa = PBXBuildFile; fileRef = D373168E224E341B00DB2C36 /* CreateJournalViewController.swift */; };
		D3731691224E344800DB2C36 /* PhotoCollectionViewController.swift in Sources */ = {isa = PBXBuildFile; fileRef = D3731690224E344800DB2C36 /* PhotoCollectionViewController.swift */; };
/* End PBXBuildFile section */

/* Begin PBXFileReference section */
		D3731675224E303300DB2C36 /* DayOneTest.app */ = {isa = PBXFileReference; explicitFileType = wrapper.application; includeInIndex = 0; path = DayOneTest.app; sourceTree = BUILT_PRODUCTS_DIR; };
		D3731678224E303300DB2C36 /* AppDelegate.swift */ = {isa = PBXFileReference; lastKnownFileType = sourcecode.swift; path = AppDelegate.swift; sourceTree = "<group>"; };
		D373167D224E303300DB2C36 /* Base */ = {isa = PBXFileReference; lastKnownFileType = file.storyboard; name = Base; path = Base.lproj/Main.storyboard; sourceTree = "<group>"; };
		D373167F224E303500DB2C36 /* Assets.xcassets */ = {isa = PBXFileReference; lastKnownFileType = folder.assetcatalog; path = Assets.xcassets; sourceTree = "<group>"; };
		D3731682224E303500DB2C36 /* Base */ = {isa = PBXFileReference; lastKnownFileType = file.storyboard; name = Base; path = Base.lproj/LaunchScreen.storyboard; sourceTree = "<group>"; };
		D3731684224E303500DB2C36 /* Info.plist */ = {isa = PBXFileReference; lastKnownFileType = text.plist.xml; path = Info.plist; sourceTree = "<group>"; };
		D373168A224E33B000DB2C36 /* JournalDetailViewController.swift */ = {isa = PBXFileReference; lastKnownFileType = sourcecode.swift; path = JournalDetailViewController.swift; sourceTree = "<group>"; };
		D373168C224E33E100DB2C36 /* JournalTableViewController.swift */ = {isa = PBXFileReference; lastKnownFileType = sourcecode.swift; path = JournalTableViewController.swift; sourceTree = "<group>"; };
		D373168E224E341B00DB2C36 /* CreateJournalViewController.swift */ = {isa = PBXFileReference; lastKnownFileType = sourcecode.swift; path = CreateJournalViewController.swift; sourceTree = "<group>"; };
		D3731690224E344800DB2C36 /* PhotoCollectionViewController.swift */ = {isa = PBXFileReference; lastKnownFileType = sourcecode.swift; path = PhotoCollectionViewController.swift; sourceTree = "<group>"; };
/* End PBXFileReference section */

/* Begin PBXFrameworksBuildPhase section */
		D3731672224E303300DB2C36 /* Frameworks */ = {
			isa = PBXFrameworksBuildPhase;
			buildActionMask = 2147483647;
			files = (
			);
			runOnlyForDeploymentPostprocessing = 0;
		};
/* End PBXFrameworksBuildPhase section */

/* Begin PBXGroup section */
		D373166C224E303300DB2C36 = {
			isa = PBXGroup;
			children = (
				D3731677224E303300DB2C36 /* DayOneTest */,
				D3731676224E303300DB2C36 /* Products */,
			);
			sourceTree = "<group>";
		};
		D3731676224E303300DB2C36 /* Products */ = {
			isa = PBXGroup;
			children = (
				D3731675224E303300DB2C36 /* DayOneTest.app */,
			);
			name = Products;
			sourceTree = "<group>";
		};
		D3731677224E303300DB2C36 /* DayOneTest */ = {
			isa = PBXGroup;
			children = (
				D3731678224E303300DB2C36 /* AppDelegate.swift */,
				D373168A224E33B000DB2C36 /* JournalDetailViewController.swift */,
				D373167C224E303300DB2C36 /* Main.storyboard */,
				D3731690224E344800DB2C36 /* PhotoCollectionViewController.swift */,
				D373168E224E341B00DB2C36 /* CreateJournalViewController.swift */,
				D373168C224E33E100DB2C36 /* JournalTableViewController.swift */,
				D373167F224E303500DB2C36 /* Assets.xcassets */,
				D3731681224E303500DB2C36 /* LaunchScreen.storyboard */,
				D3731684224E303500DB2C36 /* Info.plist */,
			);
			path = DayOneTest;
			sourceTree = "<group>";
		};
/* End PBXGroup section */

/* Begin PBXNativeTarget section */
		D3731674224E303300DB2C36 /* DayOneTest */ = {
			isa = PBXNativeTarget;
			buildConfigurationList = D3731687224E303500DB2C36 /* Build configuration list for PBXNativeTarget "DayOneTest" */;
			buildPhases = (
				D3731671224E303300DB2C36 /* Sources */,
				D3731672224E303300DB2C36 /* Frameworks */,
				D3731673224E303300DB2C36 /* Resources */,
			);
			buildRules = (
			);
			dependencies = (
			);
			name = DayOneTest;
			productName = DayOneTest;
			productReference = D3731675224E303300DB2C36 /* DayOneTest.app */;
			productType = "com.apple.product-type.application";
		};
/* End PBXNativeTarget section */

/* Begin PBXProject section */
		D373166D224E303300DB2C36 /* Project object */ = {
			isa = PBXProject;
			attributes = {
				LastSwiftUpdateCheck = 1020;
				LastUpgradeCheck = 1020;
				ORGANIZATIONNAME = "yutaka suzuki";
				TargetAttributes = {
					D3731674224E303300DB2C36 = {
						CreatedOnToolsVersion = 10.2;
					};
				};
			};
			buildConfigurationList = D3731670224E303300DB2C36 /* Build configuration list for PBXProject "DayOneTest" */;
			compatibilityVersion = "Xcode 9.3";
			developmentRegion = en;
			hasScannedForEncodings = 0;
			knownRegions = (
				en,
				Base,
			);
			mainGroup = D373166C224E303300DB2C36;
			productRefGroup = D3731676224E303300DB2C36 /* Products */;
			projectDirPath = "";
			projectRoot = "";
			targets = (
				D3731674224E303300DB2C36 /* DayOneTest */,
			);
		};
/* End PBXProject section */

/* Begin PBXResourcesBuildPhase section */
		D3731673224E303300DB2C36 /* Resources */ = {
			isa = PBXResourcesBuildPhase;
			buildActionMask = 2147483647;
			files = (
				D3731683224E303500DB2C36 /* LaunchScreen.storyboard in Resources */,
				D3731680224E303500DB2C36 /* Assets.xcassets in Resources */,
				D373167E224E303300DB2C36 /* Main.storyboard in Resources */,
			);
			runOnlyForDeploymentPostprocessing = 0;
		};
/* End PBXResourcesBuildPhase section */

/* Begin PBXSourcesBuildPhase section */
		D3731671224E303300DB2C36 /* Sources */ = {
			isa = PBXSourcesBuildPhase;
			buildActionMask = 2147483647;
			files = (
				D3731691224E344800DB2C36 /* PhotoCollectionViewController.swift in Sources */,
				D3731679224E303300DB2C36 /* AppDelegate.swift in Sources */,
				D373168D224E33E100DB2C36 /* JournalTableViewController.swift in Sources */,
				D373168F224E341B00DB2C36 /* CreateJournalViewController.swift in Sources */,
				D373168B224E33B000DB2C36 /* JournalDetailViewController.swift in Sources */,
			);
			runOnlyForDeploymentPostprocessing = 0;
		};
/* End PBXSourcesBuildPhase section */

/* Begin PBXVariantGroup section */
		D373167C224E303300DB2C36 /* Main.storyboard */ = {
			isa = PBXVariantGroup;
			children = (
				D373167D224E303300DB2C36 /* Base */,
			);
			name = Main.storyboard;
			sourceTree = "<group>";
		};
		D3731681224E303500DB2C36 /* LaunchScreen.storyboard */ = {
			isa = PBXVariantGroup;
			children = (
				D3731682224E303500DB2C36 /* Base */,
			);
			name = LaunchScreen.storyboard;
			sourceTree = "<group>";
		};
/* End PBXVariantGroup section */

/* Begin XCBuildConfiguration section */
		D3731685224E303500DB2C36 /* Debug */ = {
			isa = XCBuildConfiguration;
			buildSettings = {
				ALWAYS_SEARCH_USER_PATHS = NO;
				CLANG_ANALYZER_NONNULL = YES;
				CLANG_ANALYZER_NUMBER_OBJECT_CONVERSION = YES_AGGRESSIVE;
				CLANG_CXX_LANGUAGE_STANDARD = "gnu++14";
				CLANG_CXX_LIBRARY = "libc++";
				CLANG_ENABLE_MODULES = YES;
				CLANG_ENABLE_OBJC_ARC = YES;
				CLANG_ENABLE_OBJC_WEAK = YES;
				CLANG_WARN_BLOCK_CAPTURE_AUTORELEASING = YES;
				CLANG_WARN_BOOL_CONVERSION = YES;
				CLANG_WARN_COMMA = YES;
				CLANG_WARN_CONSTANT_CONVERSION = YES;
				CLANG_WARN_DEPRECATED_OBJC_IMPLEMENTATIONS = YES;
				CLANG_WARN_DIRECT_OBJC_ISA_USAGE = YES_ERROR;
				CLANG_WARN_DOCUMENTATION_COMMENTS = YES;
				CLANG_WARN_EMPTY_BODY = YES;
				CLANG_WARN_ENUM_CONVERSION = YES;
				CLANG_WARN_INFINITE_RECURSION = YES;
				CLANG_WARN_INT_CONVERSION = YES;
				CLANG_WARN_NON_LITERAL_NULL_CONVERSION = YES;
				CLANG_WARN_OBJC_IMPLICIT_RETAIN_SELF = YES;
				CLANG_WARN_OBJC_LITERAL_CONVERSION = YES;
				CLANG_WARN_OBJC_ROOT_CLASS = YES_ERROR;
				CLANG_WARN_RANGE_LOOP_ANALYSIS = YES;
				CLANG_WARN_STRICT_PROTOTYPES = YES;
				CLANG_WARN_SUSPICIOUS_MOVE = YES;
				CLANG_WARN_UNGUARDED_AVAILABILITY = YES_AGGRESSIVE;
				CLANG_WARN_UNREACHABLE_CODE = YES;
				CLANG_WARN__DUPLICATE_METHOD_MATCH = YES;
				CODE_SIGN_IDENTITY = "iPhone Developer";
				COPY_PHASE_STRIP = NO;
				DEBUG_INFORMATION_FORMAT = dwarf;
				ENABLE_STRICT_OBJC_MSGSEND = YES;
				ENABLE_TESTABILITY = YES;
				GCC_C_LANGUAGE_STANDARD = gnu11;
				GCC_DYNAMIC_NO_PIC = NO;
				GCC_NO_COMMON_BLOCKS = YES;
				GCC_OPTIMIZATION_LEVEL = 0;
				GCC_PREPROCESSOR_DEFINITIONS = (
					"DEBUG=1",
					"$(inherited)",
				);
				GCC_WARN_64_TO_32_BIT_CONVERSION = YES;
				GCC_WARN_ABOUT_RETURN_TYPE = YES_ERROR;
				GCC_WARN_UNDECLARED_SELECTOR = YES;
				GCC_WARN_UNINITIALIZED_AUTOS = YES_AGGRESSIVE;
				GCC_WARN_UNUSED_FUNCTION = YES;
				GCC_WARN_UNUSED_VARIABLE = YES;
				IPHONEOS_DEPLOYMENT_TARGET = 12.2;
				MTL_ENABLE_DEBUG_INFO = INCLUDE_SOURCE;
				MTL_FAST_MATH = YES;
				ONLY_ACTIVE_ARCH = YES;
				SDKROOT = iphoneos;
				SWIFT_ACTIVE_COMPILATION_CONDITIONS = DEBUG;
				SWIFT_OPTIMIZATION_LEVEL = "-Onone";
			};
			name = Debug;
		};
		D3731686224E303500DB2C36 /* Release */ = {
			isa = XCBuildConfiguration;
			buildSettings = {
				ALWAYS_SEARCH_USER_PATHS = NO;
				CLANG_ANALYZER_NONNULL = YES;
				CLANG_ANALYZER_NUMBER_OBJECT_CONVERSION = YES_AGGRESSIVE;
				CLANG_CXX_LANGUAGE_STANDARD = "gnu++14";
				CLANG_CXX_LIBRARY = "libc++";
				CLANG_ENABLE_MODULES = YES;
				CLANG_ENABLE_OBJC_ARC = YES;
				CLANG_ENABLE_OBJC_WEAK = YES;
				CLANG_WARN_BLOCK_CAPTURE_AUTORELEASING = YES;
				CLANG_WARN_BOOL_CONVERSION = YES;
				CLANG_WARN_COMMA = YES;
				CLANG_WARN_CONSTANT_CONVERSION = YES;
				CLANG_WARN_DEPRECATED_OBJC_IMPLEMENTATIONS = YES;
				CLANG_WARN_DIRECT_OBJC_ISA_USAGE = YES_ERROR;
				CLANG_WARN_DOCUMENTATION_COMMENTS = YES;
				CLANG_WARN_EMPTY_BODY = YES;
				CLANG_WARN_ENUM_CONVERSION = YES;
				CLANG_WARN_INFINITE_RECURSION = YES;
				CLANG_WARN_INT_CONVERSION = YES;
				CLANG_WARN_NON_LITERAL_NULL_CONVERSION = YES;
				CLANG_WARN_OBJC_IMPLICIT_RETAIN_SELF = YES;
				CLANG_WARN_OBJC_LITERAL_CONVERSION = YES;
				CLANG_WARN_OBJC_ROOT_CLASS = YES_ERROR;
				CLANG_WARN_RANGE_LOOP_ANALYSIS = YES;
				CLANG_WARN_STRICT_PROTOTYPES = YES;
				CLANG_WARN_SUSPICIOUS_MOVE = YES;
				CLANG_WARN_UNGUARDED_AVAILABILITY = YES_AGGRESSIVE;
				CLANG_WARN_UNREACHABLE_CODE = YES;
				CLANG_WARN__DUPLICATE_METHOD_MATCH = YES;
				CODE_SIGN_IDENTITY = "iPhone Developer";
				COPY_PHASE_STRIP = NO;
				DEBUG_INFORMATION_FORMAT = "dwarf-with-dsym";
				ENABLE_NS_ASSERTIONS = NO;
				ENABLE_STRICT_OBJC_MSGSEND = YES;
				GCC_C_LANGUAGE_STANDARD = gnu11;
				GCC_NO_COMMON_BLOCKS = YES;
				GCC_WARN_64_TO_32_BIT_CONVERSION = YES;
				GCC_WARN_ABOUT_RETURN_TYPE = YES_ERROR;
				GCC_WARN_UNDECLARED_SELECTOR = YES;
				GCC_WARN_UNINITIALIZED_AUTOS = YES_AGGRESSIVE;
				GCC_WARN_UNUSED_FUNCTION = YES;
				GCC_WARN_UNUSED_VARIABLE = YES;
				IPHONEOS_DEPLOYMENT_TARGET = 12.2;
				MTL_ENABLE_DEBUG_INFO = NO;
				MTL_FAST_MATH = YES;
				SDKROOT = iphoneos;
				SWIFT_COMPILATION_MODE = wholemodule;
				SWIFT_OPTIMIZATION_LEVEL = "-O";
				VALIDATE_PRODUCT = YES;
			};
			name = Release;
		};
		D3731688224E303500DB2C36 /* Debug */ = {
			isa = XCBuildConfiguration;
			buildSettings = {
				ASSETCATALOG_COMPILER_APPICON_NAME = AppIcon;
				CODE_SIGN_STYLE = Automatic;
				DEVELOPMENT_TEAM = 2YKPKC5RAC;
				INFOPLIST_FILE = DayOneTest/Info.plist;
				LD_RUNPATH_SEARCH_PATHS = (
					"$(inherited)",
					"@executable_path/Frameworks",
				);
				PRODUCT_BUNDLE_IDENTIFIER = tokyo.cueplanning.DayOneTest;
				PRODUCT_NAME = "$(TARGET_NAME)";
				SWIFT_VERSION = 5.0;
				TARGETED_DEVICE_FAMILY = "1,2";
			};
			name = Debug;
		};
		D3731689224E303500DB2C36 /* Release */ = {
			isa = XCBuildConfiguration;
			buildSettings = {
				ASSETCATALOG_COMPILER_APPICON_NAME = AppIcon;
				CODE_SIGN_STYLE = Automatic;
				DEVELOPMENT_TEAM = 2YKPKC5RAC;
				INFOPLIST_FILE = DayOneTest/Info.plist;
				LD_RUNPATH_SEARCH_PATHS = (
					"$(inherited)",
					"@executable_path/Frameworks",
				);
				PRODUCT_BUNDLE_IDENTIFIER = tokyo.cueplanning.DayOneTest;
				PRODUCT_NAME = "$(TARGET_NAME)";
				SWIFT_VERSION = 5.0;
				TARGETED_DEVICE_FAMILY = "1,2";
			};
			name = Release;
		};
/* End XCBuildConfiguration section */

/* Begin XCConfigurationList section */
		D3731670224E303300DB2C36 /* Build configuration list for PBXProject "DayOneTest" */ = {
			isa = XCConfigurationList;
			buildConfigurations = (
				D3731685224E303500DB2C36 /* Debug */,
				D3731686224E303500DB2C36 /* Release */,
			);
			defaultConfigurationIsVisible = 0;
			defaultConfigurationName = Release;
		};
		D3731687224E303500DB2C36 /* Build configuration list for PBXNativeTarget "DayOneTest" */ = {
			isa = XCConfigurationList;
			buildConfigurations = (
				D3731688224E303500DB2C36 /* Debug */,
				D3731689224E303500DB2C36 /* Release */,
			);
			defaultConfigurationIsVisible = 0;
			defaultConfigurationName = Release;
		};
/* End XCConfigurationList section */
	};
	rootObject = D373166D224E303300DB2C36 /* Project object */;
}
